
Microsoft Visual Studio Solution File, Format Version 12.00
# Visual Studio Version 17
VisualStudioVersion = 17.0.31903.59
MinimumVisualStudioVersion = 10.0.40219.1
Project("{2150E333-8FDC-42A3-9474-1A3956D46DE8}") = "src", "src", "{827E0CD3-B72D-47B6-A68D-7590B98EB39B}"
EndProject
Project("{FAE04EC0-301F-11D3-BF4B-00C04F79EFBC}") = "PSCue.ArgumentCompleter", "src\PSCue.ArgumentCompleter\PSCue.ArgumentCompleter.csproj", "{3DEE6FEF-3A7B-4184-97EB-F24D9ADE79D4}"
EndProject
Project("{FAE04EC0-301F-11D3-BF4B-00C04F79EFBC}") = "PSCue.Shared", "src\PSCue.Shared\PSCue.Shared.csproj", "{B67BF04C-97F5-4E79-A8C6-7DBDD1EFECA3}"
EndProject
Project("{FAE04EC0-301F-11D3-BF4B-00C04F79EFBC}") = "PSCue.Cli", "src\PSCue.Cli\PSCue.Cli.csproj", "{3681EE1E-D9BC-41AF-B79E-92EC1EC85B53}"
EndProject
Project("{2150E333-8FDC-42A3-9474-1A3956D46DE8}") = "test", "test", "{0C88DD14-F956-CE84-757C-A364CCF449FC}"
EndProject
Project("{FAE04EC0-301F-11D3-BF4B-00C04F79EFBC}") = "PSCue.ArgumentCompleter.Tests", "test\PSCue.ArgumentCompleter.Tests\PSCue.ArgumentCompleter.Tests.csproj", "{758CE8C5-2C63-4F80-A241-25F41BB4EA1E}"
EndProject
Project("{FAE04EC0-301F-11D3-BF4B-00C04F79EFBC}") = "PSCue.Module", "src\PSCue.Module\PSCue.Module.csproj", "{E3C93EB7-B31B-428A-9F09-E249129DDFA5}"
EndProject
Project("{FAE04EC0-301F-11D3-BF4B-00C04F79EFBC}") = "PSCue.Module.Tests", "test\PSCue.Module.Tests\PSCue.Module.Tests.csproj", "{2E677A2B-914D-47F7-860B-B22D48212E7C}"
EndProject
Global
	GlobalSection(SolutionConfigurationPlatforms) = preSolution
		Debug|Any CPU = Debug|Any CPU
		Debug|x64 = Debug|x64
		Debug|x86 = Debug|x86
		Release|Any CPU = Release|Any CPU
		Release|x64 = Release|x64
		Release|x86 = Release|x86
	EndGlobalSection
	GlobalSection(ProjectConfigurationPlatforms) = postSolution
		{3DEE6FEF-3A7B-4184-97EB-F24D9ADE79D4}.Debug|Any CPU.ActiveCfg = Debug|Any CPU
		{3DEE6FEF-3A7B-4184-97EB-F24D9ADE79D4}.Debug|Any CPU.Build.0 = Debug|Any CPU
		{3DEE6FEF-3A7B-4184-97EB-F24D9ADE79D4}.Debug|x64.ActiveCfg = Debug|Any CPU
		{3DEE6FEF-3A7B-4184-97EB-F24D9ADE79D4}.Debug|x64.Build.0 = Debug|Any CPU
		{3DEE6FEF-3A7B-4184-97EB-F24D9ADE79D4}.Debug|x86.ActiveCfg = Debug|Any CPU
		{3DEE6FEF-3A7B-4184-97EB-F24D9ADE79D4}.Debug|x86.Build.0 = Debug|Any CPU
		{3DEE6FEF-3A7B-4184-97EB-F24D9ADE79D4}.Release|Any CPU.ActiveCfg = Release|Any CPU
		{3DEE6FEF-3A7B-4184-97EB-F24D9ADE79D4}.Release|Any CPU.Build.0 = Release|Any CPU
		{3DEE6FEF-3A7B-4184-97EB-F24D9ADE79D4}.Release|x64.ActiveCfg = Release|Any CPU
		{3DEE6FEF-3A7B-4184-97EB-F24D9ADE79D4}.Release|x64.Build.0 = Release|Any CPU
		{3DEE6FEF-3A7B-4184-97EB-F24D9ADE79D4}.Release|x86.ActiveCfg = Release|Any CPU
		{3DEE6FEF-3A7B-4184-97EB-F24D9ADE79D4}.Release|x86.Build.0 = Release|Any CPU
		{B67BF04C-97F5-4E79-A8C6-7DBDD1EFECA3}.Debug|Any CPU.ActiveCfg = Debug|Any CPU
		{B67BF04C-97F5-4E79-A8C6-7DBDD1EFECA3}.Debug|Any CPU.Build.0 = Debug|Any CPU
		{B67BF04C-97F5-4E79-A8C6-7DBDD1EFECA3}.Debug|x64.ActiveCfg = Debug|Any CPU
		{B67BF04C-97F5-4E79-A8C6-7DBDD1EFECA3}.Debug|x64.Build.0 = Debug|Any CPU
		{B67BF04C-97F5-4E79-A8C6-7DBDD1EFECA3}.Debug|x86.ActiveCfg = Debug|Any CPU
		{B67BF04C-97F5-4E79-A8C6-7DBDD1EFECA3}.Debug|x86.Build.0 = Debug|Any CPU
		{B67BF04C-97F5-4E79-A8C6-7DBDD1EFECA3}.Release|Any CPU.ActiveCfg = Release|Any CPU
		{B67BF04C-97F5-4E79-A8C6-7DBDD1EFECA3}.Release|Any CPU.Build.0 = Release|Any CPU
		{B67BF04C-97F5-4E79-A8C6-7DBDD1EFECA3}.Release|x64.ActiveCfg = Release|Any CPU
		{B67BF04C-97F5-4E79-A8C6-7DBDD1EFECA3}.Release|x64.Build.0 = Release|Any CPU
		{B67BF04C-97F5-4E79-A8C6-7DBDD1EFECA3}.Release|x86.ActiveCfg = Release|Any CPU
		{B67BF04C-97F5-4E79-A8C6-7DBDD1EFECA3}.Release|x86.Build.0 = Release|Any CPU
		{3681EE1E-D9BC-41AF-B79E-92EC1EC85B53}.Debug|Any CPU.ActiveCfg = Debug|Any CPU
		{3681EE1E-D9BC-41AF-B79E-92EC1EC85B53}.Debug|Any CPU.Build.0 = Debug|Any CPU
		{3681EE1E-D9BC-41AF-B79E-92EC1EC85B53}.Debug|x64.ActiveCfg = Debug|Any CPU
		{3681EE1E-D9BC-41AF-B79E-92EC1EC85B53}.Debug|x64.Build.0 = Debug|Any CPU
		{3681EE1E-D9BC-41AF-B79E-92EC1EC85B53}.Debug|x86.ActiveCfg = Debug|Any CPU
		{3681EE1E-D9BC-41AF-B79E-92EC1EC85B53}.Debug|x86.Build.0 = Debug|Any CPU
		{3681EE1E-D9BC-41AF-B79E-92EC1EC85B53}.Release|Any CPU.ActiveCfg = Release|Any CPU
		{3681EE1E-D9BC-41AF-B79E-92EC1EC85B53}.Release|Any CPU.Build.0 = Release|Any CPU
		{3681EE1E-D9BC-41AF-B79E-92EC1EC85B53}.Release|x64.ActiveCfg = Release|Any CPU
		{3681EE1E-D9BC-41AF-B79E-92EC1EC85B53}.Release|x64.Build.0 = Release|Any CPU
		{3681EE1E-D9BC-41AF-B79E-92EC1EC85B53}.Release|x86.ActiveCfg = Release|Any CPU
		{3681EE1E-D9BC-41AF-B79E-92EC1EC85B53}.Release|x86.Build.0 = Release|Any CPU
		{758CE8C5-2C63-4F80-A241-25F41BB4EA1E}.Debug|Any CPU.ActiveCfg = Debug|Any CPU
		{758CE8C5-2C63-4F80-A241-25F41BB4EA1E}.Debug|Any CPU.Build.0 = Debug|Any CPU
		{758CE8C5-2C63-4F80-A241-25F41BB4EA1E}.Debug|x64.ActiveCfg = Debug|Any CPU
		{758CE8C5-2C63-4F80-A241-25F41BB4EA1E}.Debug|x64.Build.0 = Debug|Any CPU
		{758CE8C5-2C63-4F80-A241-25F41BB4EA1E}.Debug|x86.ActiveCfg = Debug|Any CPU
		{758CE8C5-2C63-4F80-A241-25F41BB4EA1E}.Debug|x86.Build.0 = Debug|Any CPU
		{758CE8C5-2C63-4F80-A241-25F41BB4EA1E}.Release|Any CPU.ActiveCfg = Release|Any CPU
		{758CE8C5-2C63-4F80-A241-25F41BB4EA1E}.Release|Any CPU.Build.0 = Release|Any CPU
		{758CE8C5-2C63-4F80-A241-25F41BB4EA1E}.Release|x64.ActiveCfg = Release|Any CPU
		{758CE8C5-2C63-4F80-A241-25F41BB4EA1E}.Release|x64.Build.0 = Release|Any CPU
		{758CE8C5-2C63-4F80-A241-25F41BB4EA1E}.Release|x86.ActiveCfg = Release|Any CPU
		{758CE8C5-2C63-4F80-A241-25F41BB4EA1E}.Release|x86.Build.0 = Release|Any CPU
		{E3C93EB7-B31B-428A-9F09-E249129DDFA5}.Debug|Any CPU.ActiveCfg = Debug|Any CPU
		{E3C93EB7-B31B-428A-9F09-E249129DDFA5}.Debug|Any CPU.Build.0 = Debug|Any CPU
		{E3C93EB7-B31B-428A-9F09-E249129DDFA5}.Debug|x64.ActiveCfg = Debug|Any CPU
		{E3C93EB7-B31B-428A-9F09-E249129DDFA5}.Debug|x64.Build.0 = Debug|Any CPU
		{E3C93EB7-B31B-428A-9F09-E249129DDFA5}.Debug|x86.ActiveCfg = Debug|Any CPU
		{E3C93EB7-B31B-428A-9F09-E249129DDFA5}.Debug|x86.Build.0 = Debug|Any CPU
		{E3C93EB7-B31B-428A-9F09-E249129DDFA5}.Release|Any CPU.ActiveCfg = Release|Any CPU
		{E3C93EB7-B31B-428A-9F09-E249129DDFA5}.Release|Any CPU.Build.0 = Release|Any CPU
		{E3C93EB7-B31B-428A-9F09-E249129DDFA5}.Release|x64.ActiveCfg = Release|Any CPU
		{E3C93EB7-B31B-428A-9F09-E249129DDFA5}.Release|x64.Build.0 = Release|Any CPU
		{E3C93EB7-B31B-428A-9F09-E249129DDFA5}.Release|x86.ActiveCfg = Release|Any CPU
		{E3C93EB7-B31B-428A-9F09-E249129DDFA5}.Release|x86.Build.0 = Release|Any CPU
		{2E677A2B-914D-47F7-860B-B22D48212E7C}.Debug|Any CPU.ActiveCfg = Debug|Any CPU
		{2E677A2B-914D-47F7-860B-B22D48212E7C}.Debug|Any CPU.Build.0 = Debug|Any CPU
		{2E677A2B-914D-47F7-860B-B22D48212E7C}.Debug|x64.ActiveCfg = Debug|Any CPU
		{2E677A2B-914D-47F7-860B-B22D48212E7C}.Debug|x64.Build.0 = Debug|Any CPU
		{2E677A2B-914D-47F7-860B-B22D48212E7C}.Debug|x86.ActiveCfg = Debug|Any CPU
		{2E677A2B-914D-47F7-860B-B22D48212E7C}.Debug|x86.Build.0 = Debug|Any CPU
		{2E677A2B-914D-47F7-860B-B22D48212E7C}.Release|Any CPU.ActiveCfg = Release|Any CPU
		{2E677A2B-914D-47F7-860B-B22D48212E7C}.Release|Any CPU.Build.0 = Release|Any CPU
		{2E677A2B-914D-47F7-860B-B22D48212E7C}.Release|x64.ActiveCfg = Release|Any CPU
		{2E677A2B-914D-47F7-860B-B22D48212E7C}.Release|x64.Build.0 = Release|Any CPU
		{2E677A2B-914D-47F7-860B-B22D48212E7C}.Release|x86.ActiveCfg = Release|Any CPU
		{2E677A2B-914D-47F7-860B-B22D48212E7C}.Release|x86.Build.0 = Release|Any CPU
	EndGlobalSection
	GlobalSection(SolutionProperties) = preSolution
		HideSolutionNode = FALSE
	EndGlobalSection
	GlobalSection(NestedProjects) = preSolution
		{3DEE6FEF-3A7B-4184-97EB-F24D9ADE79D4} = {827E0CD3-B72D-47B6-A68D-7590B98EB39B}
		{B67BF04C-97F5-4E79-A8C6-7DBDD1EFECA3} = {827E0CD3-B72D-47B6-A68D-7590B98EB39B}
		{3681EE1E-D9BC-41AF-B79E-92EC1EC85B53} = {827E0CD3-B72D-47B6-A68D-7590B98EB39B}
		{758CE8C5-2C63-4F80-A241-25F41BB4EA1E} = {0C88DD14-F956-CE84-757C-A364CCF449FC}
		{E3C93EB7-B31B-428A-9F09-E249129DDFA5} = {827E0CD3-B72D-47B6-A68D-7590B98EB39B}
		{2E677A2B-914D-47F7-860B-B22D48212E7C} = {0C88DD14-F956-CE84-757C-A364CCF449FC}
	EndGlobalSection
EndGlobal
